<Solution>
  <Project Path="FuncionalProgramming/FuncionalProgramming.csproj" Id="26d531c8-71b8-42a4-993d-9218bbd03901" />
  <Project Path="ProgramacionEstructurada/ProgramacionEstructurada.csproj" />
  <Project Path="ProgramacionOrientadaObjetos/ProgramacionOrientadaObjetos.csproj" Id="c06ac70d-32b2-4db6-ac50-af8dc334a2e5" />
</Solution>
